// !$*UTF8*$!
{
	archiveVersion = 1;
	classes = {
	};
	objectVersion = 46;
	objects = {

/* Begin PBXBuildFile section */
		58EBD024B4F3FC6F743B661D /* libPods-JYFriend.a in Frameworks */ = {isa = PBXBuildFile; fileRef = DA912917CEE2A071A00F6B7F /* libPods-JYFriend.a */; };
		B3A079761E0CCBA100395817 /* JYNearPersonCell.m in Sources */ = {isa = PBXBuildFile; fileRef = B3A079751E0CCBA100395817 /* JYNearPersonCell.m */; };
		B3A079791E0CFE5300395817 /* JYNearPersonBtn.m in Sources */ = {isa = PBXBuildFile; fileRef = B3A079781E0CFE5300395817 /* JYNearPersonBtn.m */; };
		B3A0797C1E0D1D8300395817 /* JYNearBottomView.m in Sources */ = {isa = PBXBuildFile; fileRef = B3A0797B1E0D1D8300395817 /* JYNearBottomView.m */; };
		B3D114D41E0E185C001DC147 /* CoreLocation.framework in Frameworks */ = {isa = PBXBuildFile; fileRef = B3D114D31E0E185C001DC147 /* CoreLocation.framework */; };
		B3D114D71E0E26E9001DC147 /* JYNotFetchUserlocalView.m in Sources */ = {isa = PBXBuildFile; fileRef = B3D114D61E0E26E9001DC147 /* JYNotFetchUserlocalView.m */; };
		EC2A71091E0B81E600BED161 /* JYMessageViewController.m in Sources */ = {isa = PBXBuildFile; fileRef = EC2A71081E0B81E600BED161 /* JYMessageViewController.m */; };
		EC2A710C1E0B81F800BED161 /* JYNearViewController.m in Sources */ = {isa = PBXBuildFile; fileRef = EC2A710B1E0B81F800BED161 /* JYNearViewController.m */; };
		EC4422BD1E09103900F48461 /* login_background.png in Resources */ = {isa = PBXBuildFile; fileRef = EC4422BC1E09103900F48461 /* login_background.png */; };
		EC55CE6B1E077AEB0030C8F5 /* JYSegmentViewController.m in Sources */ = {isa = PBXBuildFile; fileRef = EC55CE6A1E077AEB0030C8F5 /* JYSegmentViewController.m */; };
		EC55CE6E1E077C730030C8F5 /* JYCharacterViewController.m in Sources */ = {isa = PBXBuildFile; fileRef = EC55CE6D1E077C730030C8F5 /* JYCharacterViewController.m */; };
		EC55CE711E077C970030C8F5 /* JYDynamicViewController.m in Sources */ = {isa = PBXBuildFile; fileRef = EC55CE701E077C970030C8F5 /* JYDynamicViewController.m */; };
		EC804A621E0CC3F600191387 /* JYUser.m in Sources */ = {isa = PBXBuildFile; fileRef = EC804A611E0CC3F600191387 /* JYUser.m */; };
		EC9843D51E07905F00754471 /* JYTableHeaderFooterView.m in Sources */ = {isa = PBXBuildFile; fileRef = EC9843D41E07905F00754471 /* JYTableHeaderFooterView.m */; };
		EC9843D81E07A56B00754471 /* JYMineCell.m in Sources */ = {isa = PBXBuildFile; fileRef = EC9843D71E07A56B00754471 /* JYMineCell.m */; };
		EC9843DB1E07A96C00754471 /* JYMineAvatarView.m in Sources */ = {isa = PBXBuildFile; fileRef = EC9843DA1E07A96C00754471 /* JYMineAvatarView.m */; };
		EC9843DE1E07AC6A00754471 /* JYMineAvatarButton.m in Sources */ = {isa = PBXBuildFile; fileRef = EC9843DD1E07AC6A00754471 /* JYMineAvatarButton.m */; };
		EC9843E11E07ACC600754471 /* UIView+RoundCorner.m in Sources */ = {isa = PBXBuildFile; fileRef = EC9843E01E07ACC600754471 /* UIView+RoundCorner.m */; };
		EC9843E41E07CA7900754471 /* JYNavigationController.m in Sources */ = {isa = PBXBuildFile; fileRef = EC9843E31E07CA7900754471 /* JYNavigationController.m */; };
		EC9843EB1E07E26E00754471 /* JYLoginViewController.m in Sources */ = {isa = PBXBuildFile; fileRef = EC9843EA1E07E26E00754471 /* JYLoginViewController.m */; };
		ECAF89091E095BD0005A6C62 /* AppDelegate+login.m in Sources */ = {isa = PBXBuildFile; fileRef = ECAF89081E095BD0005A6C62 /* AppDelegate+login.m */; };
		ECCFA0441DEBF0D4000F4E7A /* main.m in Sources */ = {isa = PBXBuildFile; fileRef = ECCFA0431DEBF0D4000F4E7A /* main.m */; };
		ECCFA0471DEBF0D4000F4E7A /* AppDelegate.m in Sources */ = {isa = PBXBuildFile; fileRef = ECCFA0461DEBF0D4000F4E7A /* AppDelegate.m */; };
		ECCFA04F1DEBF0D4000F4E7A /* Assets.xcassets in Resources */ = {isa = PBXBuildFile; fileRef = ECCFA04E1DEBF0D4000F4E7A /* Assets.xcassets */; };
		ECCFA0521DEBF0D4000F4E7A /* LaunchScreen.storyboard in Resources */ = {isa = PBXBuildFile; fileRef = ECCFA0501DEBF0D4000F4E7A /* LaunchScreen.storyboard */; };
		ECCFA0631DEBF60A000F4E7A /* JYTabBarController.m in Sources */ = {isa = PBXBuildFile; fileRef = ECCFA0621DEBF60A000F4E7A /* JYTabBarController.m */; };
		ECCFA06A1DEBF86A000F4E7A /* JYBaseViewController.m in Sources */ = {isa = PBXBuildFile; fileRef = ECCFA0691DEBF86A000F4E7A /* JYBaseViewController.m */; };
		ECCFA06F1DEBF917000F4E7A /* config.plist in Resources */ = {isa = PBXBuildFile; fileRef = ECCFA06E1DEBF917000F4E7A /* config.plist */; };
		ECCFA0721DEBF975000F4E7A /* JYMineViewController.m in Sources */ = {isa = PBXBuildFile; fileRef = ECCFA0711DEBF975000F4E7A /* JYMineViewController.m */; };
		ECCFA0751DEC049D000F4E7A /* JYUtil.m in Sources */ = {isa = PBXBuildFile; fileRef = ECCFA0741DEC049D000F4E7A /* JYUtil.m */; };
		ECCFA07A1DEC060C000F4E7A /* JYConfiguration.m in Sources */ = {isa = PBXBuildFile; fileRef = ECCFA0791DEC060C000F4E7A /* JYConfiguration.m */; };
		ECCFA0801DEC0697000F4E7A /* JYHudManager.m in Sources */ = {isa = PBXBuildFile; fileRef = ECCFA07F1DEC0697000F4E7A /* JYHudManager.m */; };
		ECCFA0881DEC093E000F4E7A /* JYActivateModel.m in Sources */ = {isa = PBXBuildFile; fileRef = ECCFA0871DEC093E000F4E7A /* JYActivateModel.m */; };
		ECCFA08B1DEC0A8F000F4E7A /* JYUserAccessModel.m in Sources */ = {isa = PBXBuildFile; fileRef = ECCFA08A1DEC0A8F000F4E7A /* JYUserAccessModel.m */; };
		ECCFA08E1DEC0AE7000F4E7A /* JYSystemConfig.m in Sources */ = {isa = PBXBuildFile; fileRef = ECCFA08D1DEC0AE7000F4E7A /* JYSystemConfig.m */; };
		ECCFA0911DEC0B0B000F4E7A /* JYSystemConfigModel.m in Sources */ = {isa = PBXBuildFile; fileRef = ECCFA0901DEC0B0B000F4E7A /* JYSystemConfigModel.m */; };
		ECCFA0941DEC0C9D000F4E7A /* JYVideoTokenManager.m in Sources */ = {isa = PBXBuildFile; fileRef = ECCFA0931DEC0C9D000F4E7A /* JYVideoTokenManager.m */; };
		ECCFA0971DEC0CC9000F4E7A /* JYApplication.m in Sources */ = {isa = PBXBuildFile; fileRef = ECCFA0961DEC0CC9000F4E7A /* JYApplication.m */; };
		ECCFA09A1DEC0D17000F4E7A /* NSObject+PropertyAccessInspecting.m in Sources */ = {isa = PBXBuildFile; fileRef = ECCFA0991DEC0D17000F4E7A /* NSObject+PropertyAccessInspecting.m */; };
		ECCFA09D1DEC0EC0000F4E7A /* JYApplicationManager.m in Sources */ = {isa = PBXBuildFile; fileRef = ECCFA09C1DEC0EC0000F4E7A /* JYApplicationManager.m */; };
		ECCFA0A01DEC0F56000F4E7A /* JYAppSpread.m in Sources */ = {isa = PBXBuildFile; fileRef = ECCFA09F1DEC0F56000F4E7A /* JYAppSpread.m */; };
		ECCFA0A31DEC0F81000F4E7A /* JYAppSpreadBannerModel.m in Sources */ = {isa = PBXBuildFile; fileRef = ECCFA0A21DEC0F81000F4E7A /* JYAppSpreadBannerModel.m */; };
		ECCFA0A61DEC11C1000F4E7A /* JYSpreadBannerViewController.m in Sources */ = {isa = PBXBuildFile; fileRef = ECCFA0A51DEC11C1000F4E7A /* JYSpreadBannerViewController.m */; };
		ECCFA0AC1DEC182B000F4E7A /* JKDBHelper.m in Sources */ = {isa = PBXBuildFile; fileRef = ECCFA0A91DEC182B000F4E7A /* JKDBHelper.m */; };
		ECCFA0AD1DEC182B000F4E7A /* JKDBModel.m in Sources */ = {isa = PBXBuildFile; fileRef = ECCFA0AB1DEC182B000F4E7A /* JKDBModel.m */; };
		ECEFE33A1E0A4D75002F9A1C /* JYTextField.m in Sources */ = {isa = PBXBuildFile; fileRef = ECEFE3391E0A4D75002F9A1C /* JYTextField.m */; };
		ECEFE33D1E0A5C3E002F9A1C /* JYRegisterNickNameViewController.m in Sources */ = {isa = PBXBuildFile; fileRef = ECEFE33C1E0A5C3E002F9A1C /* JYRegisterNickNameViewController.m */; };
		ECEFE3401E0A6255002F9A1C /* JYNextButton.m in Sources */ = {isa = PBXBuildFile; fileRef = ECEFE33F1E0A6255002F9A1C /* JYNextButton.m */; };
		ECEFE3431E0A7271002F9A1C /* AppDelegate+configuration.m in Sources */ = {isa = PBXBuildFile; fileRef = ECEFE3421E0A7271002F9A1C /* AppDelegate+configuration.m */; };
		ECEFE3461E0A7D7C002F9A1C /* JYRegisterDetailViewController.m in Sources */ = {isa = PBXBuildFile; fileRef = ECEFE3451E0A7D7C002F9A1C /* JYRegisterDetailViewController.m */; };
		ECEFE3491E0A816D002F9A1C /* JYSetAvatarView.m in Sources */ = {isa = PBXBuildFile; fileRef = ECEFE3481E0A816D002F9A1C /* JYSetAvatarView.m */; };
		ECEFE34C1E0A865C002F9A1C /* JYRegisterDetailCell.m in Sources */ = {isa = PBXBuildFile; fileRef = ECEFE34B1E0A865C002F9A1C /* JYRegisterDetailCell.m */; };
/* End PBXBuildFile section */

/* Begin PBXFileReference section */
		4DE2D66049E36091993382B8 /* Pods-JYFriend.release.xcconfig */ = {isa = PBXFileReference; includeInIndex = 1; lastKnownFileType = text.xcconfig; name = "Pods-JYFriend.release.xcconfig"; path = "Pods/Target Support Files/Pods-JYFriend/Pods-JYFriend.release.xcconfig"; sourceTree = "<group>"; };
		B3A079741E0CCBA100395817 /* JYNearPersonCell.h */ = {isa = PBXFileReference; fileEncoding = 4; lastKnownFileType = sourcecode.c.h; path = JYNearPersonCell.h; sourceTree = "<group>"; };
		B3A079751E0CCBA100395817 /* JYNearPersonCell.m */ = {isa = PBXFileReference; fileEncoding = 4; lastKnownFileType = sourcecode.c.objc; path = JYNearPersonCell.m; sourceTree = "<group>"; };
		B3A079771E0CFE5300395817 /* JYNearPersonBtn.h */ = {isa = PBXFileReference; fileEncoding = 4; lastKnownFileType = sourcecode.c.h; path = JYNearPersonBtn.h; sourceTree = "<group>"; };
		B3A079781E0CFE5300395817 /* JYNearPersonBtn.m */ = {isa = PBXFileReference; fileEncoding = 4; lastKnownFileType = sourcecode.c.objc; path = JYNearPersonBtn.m; sourceTree = "<group>"; };
		B3A0797A1E0D1D8300395817 /* JYNearBottomView.h */ = {isa = PBXFileReference; fileEncoding = 4; lastKnownFileType = sourcecode.c.h; path = JYNearBottomView.h; sourceTree = "<group>"; };
		B3A0797B1E0D1D8300395817 /* JYNearBottomView.m */ = {isa = PBXFileReference; fileEncoding = 4; lastKnownFileType = sourcecode.c.objc; path = JYNearBottomView.m; sourceTree = "<group>"; };
		B3D114D31E0E185C001DC147 /* CoreLocation.framework */ = {isa = PBXFileReference; lastKnownFileType = wrapper.framework; name = CoreLocation.framework; path = System/Library/Frameworks/CoreLocation.framework; sourceTree = SDKROOT; };
		B3D114D51E0E26E9001DC147 /* JYNotFetchUserlocalView.h */ = {isa = PBXFileReference; fileEncoding = 4; lastKnownFileType = sourcecode.c.h; path = JYNotFetchUserlocalView.h; sourceTree = "<group>"; };
		B3D114D61E0E26E9001DC147 /* JYNotFetchUserlocalView.m */ = {isa = PBXFileReference; fileEncoding = 4; lastKnownFileType = sourcecode.c.objc; path = JYNotFetchUserlocalView.m; sourceTree = "<group>"; };
		C68BEEC20755E0EF1FE6927C /* Pods-JYFriend.debug.xcconfig */ = {isa = PBXFileReference; includeInIndex = 1; lastKnownFileType = text.xcconfig; name = "Pods-JYFriend.debug.xcconfig"; path = "Pods/Target Support Files/Pods-JYFriend/Pods-JYFriend.debug.xcconfig"; sourceTree = "<group>"; };
		DA912917CEE2A071A00F6B7F /* libPods-JYFriend.a */ = {isa = PBXFileReference; explicitFileType = archive.ar; includeInIndex = 0; path = "libPods-JYFriend.a"; sourceTree = BUILT_PRODUCTS_DIR; };
		EC2A71071E0B81E600BED161 /* JYMessageViewController.h */ = {isa = PBXFileReference; fileEncoding = 4; lastKnownFileType = sourcecode.c.h; path = JYMessageViewController.h; sourceTree = "<group>"; };
		EC2A71081E0B81E600BED161 /* JYMessageViewController.m */ = {isa = PBXFileReference; fileEncoding = 4; lastKnownFileType = sourcecode.c.objc; path = JYMessageViewController.m; sourceTree = "<group>"; };
		EC2A710A1E0B81F800BED161 /* JYNearViewController.h */ = {isa = PBXFileReference; fileEncoding = 4; lastKnownFileType = sourcecode.c.h; path = JYNearViewController.h; sourceTree = "<group>"; };
		EC2A710B1E0B81F800BED161 /* JYNearViewController.m */ = {isa = PBXFileReference; fileEncoding = 4; lastKnownFileType = sourcecode.c.objc; path = JYNearViewController.m; sourceTree = "<group>"; };
		EC4422BC1E09103900F48461 /* login_background.png */ = {isa = PBXFileReference; lastKnownFileType = image.png; path = login_background.png; sourceTree = "<group>"; };
		EC55CE691E077AEB0030C8F5 /* JYSegmentViewController.h */ = {isa = PBXFileReference; fileEncoding = 4; lastKnownFileType = sourcecode.c.h; path = JYSegmentViewController.h; sourceTree = "<group>"; };
		EC55CE6A1E077AEB0030C8F5 /* JYSegmentViewController.m */ = {isa = PBXFileReference; fileEncoding = 4; lastKnownFileType = sourcecode.c.objc; path = JYSegmentViewController.m; sourceTree = "<group>"; };
		EC55CE6C1E077C730030C8F5 /* JYCharacterViewController.h */ = {isa = PBXFileReference; fileEncoding = 4; lastKnownFileType = sourcecode.c.h; path = JYCharacterViewController.h; sourceTree = "<group>"; };
		EC55CE6D1E077C730030C8F5 /* JYCharacterViewController.m */ = {isa = PBXFileReference; fileEncoding = 4; lastKnownFileType = sourcecode.c.objc; path = JYCharacterViewController.m; sourceTree = "<group>"; };
		EC55CE6F1E077C970030C8F5 /* JYDynamicViewController.h */ = {isa = PBXFileReference; fileEncoding = 4; lastKnownFileType = sourcecode.c.h; path = JYDynamicViewController.h; sourceTree = "<group>"; };
		EC55CE701E077C970030C8F5 /* JYDynamicViewController.m */ = {isa = PBXFileReference; fileEncoding = 4; lastKnownFileType = sourcecode.c.objc; path = JYDynamicViewController.m; sourceTree = "<group>"; };
		EC804A601E0CC3F600191387 /* JYUser.h */ = {isa = PBXFileReference; fileEncoding = 4; lastKnownFileType = sourcecode.c.h; path = JYUser.h; sourceTree = "<group>"; };
		EC804A611E0CC3F600191387 /* JYUser.m */ = {isa = PBXFileReference; fileEncoding = 4; lastKnownFileType = sourcecode.c.objc; path = JYUser.m; sourceTree = "<group>"; };
		EC9843D31E07905F00754471 /* JYTableHeaderFooterView.h */ = {isa = PBXFileReference; fileEncoding = 4; lastKnownFileType = sourcecode.c.h; path = JYTableHeaderFooterView.h; sourceTree = "<group>"; };
		EC9843D41E07905F00754471 /* JYTableHeaderFooterView.m */ = {isa = PBXFileReference; fileEncoding = 4; lastKnownFileType = sourcecode.c.objc; path = JYTableHeaderFooterView.m; sourceTree = "<group>"; };
		EC9843D61E07A56B00754471 /* JYMineCell.h */ = {isa = PBXFileReference; fileEncoding = 4; lastKnownFileType = sourcecode.c.h; path = JYMineCell.h; sourceTree = "<group>"; };
		EC9843D71E07A56B00754471 /* JYMineCell.m */ = {isa = PBXFileReference; fileEncoding = 4; lastKnownFileType = sourcecode.c.objc; path = JYMineCell.m; sourceTree = "<group>"; };
		EC9843D91E07A96C00754471 /* JYMineAvatarView.h */ = {isa = PBXFileReference; fileEncoding = 4; lastKnownFileType = sourcecode.c.h; path = JYMineAvatarView.h; sourceTree = "<group>"; };
		EC9843DA1E07A96C00754471 /* JYMineAvatarView.m */ = {isa = PBXFileReference; fileEncoding = 4; lastKnownFileType = sourcecode.c.objc; path = JYMineAvatarView.m; sourceTree = "<group>"; };
		EC9843DC1E07AC6A00754471 /* JYMineAvatarButton.h */ = {isa = PBXFileReference; fileEncoding = 4; lastKnownFileType = sourcecode.c.h; path = JYMineAvatarButton.h; sourceTree = "<group>"; };
		EC9843DD1E07AC6A00754471 /* JYMineAvatarButton.m */ = {isa = PBXFileReference; fileEncoding = 4; lastKnownFileType = sourcecode.c.objc; path = JYMineAvatarButton.m; sourceTree = "<group>"; };
		EC9843DF1E07ACC600754471 /* UIView+RoundCorner.h */ = {isa = PBXFileReference; fileEncoding = 4; lastKnownFileType = sourcecode.c.h; path = "UIView+RoundCorner.h"; sourceTree = "<group>"; };
		EC9843E01E07ACC600754471 /* UIView+RoundCorner.m */ = {isa = PBXFileReference; fileEncoding = 4; lastKnownFileType = sourcecode.c.objc; path = "UIView+RoundCorner.m"; sourceTree = "<group>"; };
		EC9843E21E07CA7900754471 /* JYNavigationController.h */ = {isa = PBXFileReference; fileEncoding = 4; lastKnownFileType = sourcecode.c.h; path = JYNavigationController.h; sourceTree = "<group>"; };
		EC9843E31E07CA7900754471 /* JYNavigationController.m */ = {isa = PBXFileReference; fileEncoding = 4; lastKnownFileType = sourcecode.c.objc; path = JYNavigationController.m; sourceTree = "<group>"; };
		EC9843E91E07E26E00754471 /* JYLoginViewController.h */ = {isa = PBXFileReference; fileEncoding = 4; lastKnownFileType = sourcecode.c.h; path = JYLoginViewController.h; sourceTree = "<group>"; };
		EC9843EA1E07E26E00754471 /* JYLoginViewController.m */ = {isa = PBXFileReference; fileEncoding = 4; lastKnownFileType = sourcecode.c.objc; path = JYLoginViewController.m; sourceTree = "<group>"; };
		ECAF89071E095BD0005A6C62 /* AppDelegate+login.h */ = {isa = PBXFileReference; fileEncoding = 4; lastKnownFileType = sourcecode.c.h; path = "AppDelegate+login.h"; sourceTree = "<group>"; };
		ECAF89081E095BD0005A6C62 /* AppDelegate+login.m */ = {isa = PBXFileReference; fileEncoding = 4; lastKnownFileType = sourcecode.c.objc; path = "AppDelegate+login.m"; sourceTree = "<group>"; };
		ECCFA03F1DEBF0D4000F4E7A /* JYFriend.app */ = {isa = PBXFileReference; explicitFileType = wrapper.application; includeInIndex = 0; path = JYFriend.app; sourceTree = BUILT_PRODUCTS_DIR; };
		ECCFA0431DEBF0D4000F4E7A /* main.m */ = {isa = PBXFileReference; lastKnownFileType = sourcecode.c.objc; path = main.m; sourceTree = "<group>"; };
		ECCFA0451DEBF0D4000F4E7A /* AppDelegate.h */ = {isa = PBXFileReference; lastKnownFileType = sourcecode.c.h; path = AppDelegate.h; sourceTree = "<group>"; };
		ECCFA0461DEBF0D4000F4E7A /* AppDelegate.m */ = {isa = PBXFileReference; lastKnownFileType = sourcecode.c.objc; path = AppDelegate.m; sourceTree = "<group>"; };
		ECCFA04E1DEBF0D4000F4E7A /* Assets.xcassets */ = {isa = PBXFileReference; lastKnownFileType = folder.assetcatalog; path = Assets.xcassets; sourceTree = "<group>"; };
		ECCFA0511DEBF0D4000F4E7A /* Base */ = {isa = PBXFileReference; lastKnownFileType = file.storyboard; name = Base; path = Base.lproj/LaunchScreen.storyboard; sourceTree = "<group>"; };
		ECCFA0531DEBF0D4000F4E7A /* Info.plist */ = {isa = PBXFileReference; lastKnownFileType = text.plist.xml; path = Info.plist; sourceTree = "<group>"; };
		ECCFA0611DEBF60A000F4E7A /* JYTabBarController.h */ = {isa = PBXFileReference; fileEncoding = 4; lastKnownFileType = sourcecode.c.h; path = JYTabBarController.h; sourceTree = "<group>"; };
		ECCFA0621DEBF60A000F4E7A /* JYTabBarController.m */ = {isa = PBXFileReference; fileEncoding = 4; lastKnownFileType = sourcecode.c.objc; path = JYTabBarController.m; sourceTree = "<group>"; };
		ECCFA0681DEBF86A000F4E7A /* JYBaseViewController.h */ = {isa = PBXFileReference; fileEncoding = 4; lastKnownFileType = sourcecode.c.h; path = JYBaseViewController.h; sourceTree = "<group>"; };
		ECCFA0691DEBF86A000F4E7A /* JYBaseViewController.m */ = {isa = PBXFileReference; fileEncoding = 4; lastKnownFileType = sourcecode.c.objc; path = JYBaseViewController.m; sourceTree = "<group>"; };
		ECCFA06B1DEBF888000F4E7A /* JYPrefixHeader.pch */ = {isa = PBXFileReference; fileEncoding = 4; lastKnownFileType = sourcecode.c.h; path = JYPrefixHeader.pch; sourceTree = "<group>"; };
		ECCFA06C1DEBF8E3000F4E7A /* JYCommonDef.h */ = {isa = PBXFileReference; fileEncoding = 4; lastKnownFileType = sourcecode.c.h; path = JYCommonDef.h; sourceTree = "<group>"; };
		ECCFA06D1DEBF8FF000F4E7A /* JYConfig.h */ = {isa = PBXFileReference; fileEncoding = 4; lastKnownFileType = sourcecode.c.h; path = JYConfig.h; sourceTree = "<group>"; };
		ECCFA06E1DEBF917000F4E7A /* config.plist */ = {isa = PBXFileReference; fileEncoding = 4; lastKnownFileType = text.plist.xml; path = config.plist; sourceTree = "<group>"; };
		ECCFA0701DEBF975000F4E7A /* JYMineViewController.h */ = {isa = PBXFileReference; fileEncoding = 4; lastKnownFileType = sourcecode.c.h; path = JYMineViewController.h; sourceTree = "<group>"; };
		ECCFA0711DEBF975000F4E7A /* JYMineViewController.m */ = {isa = PBXFileReference; fileEncoding = 4; lastKnownFileType = sourcecode.c.objc; path = JYMineViewController.m; sourceTree = "<group>"; };
		ECCFA0731DEC049D000F4E7A /* JYUtil.h */ = {isa = PBXFileReference; fileEncoding = 4; lastKnownFileType = sourcecode.c.h; path = JYUtil.h; sourceTree = "<group>"; };
		ECCFA0741DEC049D000F4E7A /* JYUtil.m */ = {isa = PBXFileReference; fileEncoding = 4; lastKnownFileType = sourcecode.c.objc; path = JYUtil.m; sourceTree = "<group>"; };
		ECCFA0771DEC04D8000F4E7A /* JYExtensions.h */ = {isa = PBXFileReference; fileEncoding = 4; lastKnownFileType = sourcecode.c.h; path = JYExtensions.h; sourceTree = "<group>"; };
		ECCFA0781DEC060C000F4E7A /* JYConfiguration.h */ = {isa = PBXFileReference; fileEncoding = 4; lastKnownFileType = sourcecode.c.h; path = JYConfiguration.h; sourceTree = "<group>"; };
		ECCFA0791DEC060C000F4E7A /* JYConfiguration.m */ = {isa = PBXFileReference; fileEncoding = 4; lastKnownFileType = sourcecode.c.objc; path = JYConfiguration.m; sourceTree = "<group>"; };
		ECCFA07E1DEC0697000F4E7A /* JYHudManager.h */ = {isa = PBXFileReference; fileEncoding = 4; lastKnownFileType = sourcecode.c.h; path = JYHudManager.h; sourceTree = "<group>"; };
		ECCFA07F1DEC0697000F4E7A /* JYHudManager.m */ = {isa = PBXFileReference; fileEncoding = 4; lastKnownFileType = sourcecode.c.objc; path = JYHudManager.m; sourceTree = "<group>"; };
		ECCFA0861DEC093E000F4E7A /* JYActivateModel.h */ = {isa = PBXFileReference; fileEncoding = 4; lastKnownFileType = sourcecode.c.h; path = JYActivateModel.h; sourceTree = "<group>"; };
		ECCFA0871DEC093E000F4E7A /* JYActivateModel.m */ = {isa = PBXFileReference; fileEncoding = 4; lastKnownFileType = sourcecode.c.objc; path = JYActivateModel.m; sourceTree = "<group>"; };
		ECCFA0891DEC0A8F000F4E7A /* JYUserAccessModel.h */ = {isa = PBXFileReference; fileEncoding = 4; lastKnownFileType = sourcecode.c.h; path = JYUserAccessModel.h; sourceTree = "<group>"; };
		ECCFA08A1DEC0A8F000F4E7A /* JYUserAccessModel.m */ = {isa = PBXFileReference; fileEncoding = 4; lastKnownFileType = sourcecode.c.objc; path = JYUserAccessModel.m; sourceTree = "<group>"; };
		ECCFA08C1DEC0AE7000F4E7A /* JYSystemConfig.h */ = {isa = PBXFileReference; fileEncoding = 4; lastKnownFileType = sourcecode.c.h; path = JYSystemConfig.h; sourceTree = "<group>"; };
		ECCFA08D1DEC0AE7000F4E7A /* JYSystemConfig.m */ = {isa = PBXFileReference; fileEncoding = 4; lastKnownFileType = sourcecode.c.objc; path = JYSystemConfig.m; sourceTree = "<group>"; };
		ECCFA08F1DEC0B0B000F4E7A /* JYSystemConfigModel.h */ = {isa = PBXFileReference; fileEncoding = 4; lastKnownFileType = sourcecode.c.h; path = JYSystemConfigModel.h; sourceTree = "<group>"; };
		ECCFA0901DEC0B0B000F4E7A /* JYSystemConfigModel.m */ = {isa = PBXFileReference; fileEncoding = 4; lastKnownFileType = sourcecode.c.objc; path = JYSystemConfigModel.m; sourceTree = "<group>"; };
		ECCFA0921DEC0C9D000F4E7A /* JYVideoTokenManager.h */ = {isa = PBXFileReference; fileEncoding = 4; lastKnownFileType = sourcecode.c.h; path = JYVideoTokenManager.h; sourceTree = "<group>"; };
		ECCFA0931DEC0C9D000F4E7A /* JYVideoTokenManager.m */ = {isa = PBXFileReference; fileEncoding = 4; lastKnownFileType = sourcecode.c.objc; path = JYVideoTokenManager.m; sourceTree = "<group>"; };
		ECCFA0951DEC0CC9000F4E7A /* JYApplication.h */ = {isa = PBXFileReference; fileEncoding = 4; lastKnownFileType = sourcecode.c.h; path = JYApplication.h; sourceTree = "<group>"; };
		ECCFA0961DEC0CC9000F4E7A /* JYApplication.m */ = {isa = PBXFileReference; fileEncoding = 4; lastKnownFileType = sourcecode.c.objc; path = JYApplication.m; sourceTree = "<group>"; };
		ECCFA0981DEC0D17000F4E7A /* NSObject+PropertyAccessInspecting.h */ = {isa = PBXFileReference; fileEncoding = 4; lastKnownFileType = sourcecode.c.h; path = "NSObject+PropertyAccessInspecting.h"; sourceTree = "<group>"; };
		ECCFA0991DEC0D17000F4E7A /* NSObject+PropertyAccessInspecting.m */ = {isa = PBXFileReference; fileEncoding = 4; lastKnownFileType = sourcecode.c.objc; path = "NSObject+PropertyAccessInspecting.m"; sourceTree = "<group>"; };
		ECCFA09B1DEC0EC0000F4E7A /* JYApplicationManager.h */ = {isa = PBXFileReference; fileEncoding = 4; lastKnownFileType = sourcecode.c.h; path = JYApplicationManager.h; sourceTree = "<group>"; };
		ECCFA09C1DEC0EC0000F4E7A /* JYApplicationManager.m */ = {isa = PBXFileReference; fileEncoding = 4; lastKnownFileType = sourcecode.c.objc; path = JYApplicationManager.m; sourceTree = "<group>"; };
		ECCFA09E1DEC0F56000F4E7A /* JYAppSpread.h */ = {isa = PBXFileReference; fileEncoding = 4; lastKnownFileType = sourcecode.c.h; path = JYAppSpread.h; sourceTree = "<group>"; };
		ECCFA09F1DEC0F56000F4E7A /* JYAppSpread.m */ = {isa = PBXFileReference; fileEncoding = 4; lastKnownFileType = sourcecode.c.objc; path = JYAppSpread.m; sourceTree = "<group>"; };
		ECCFA0A11DEC0F81000F4E7A /* JYAppSpreadBannerModel.h */ = {isa = PBXFileReference; fileEncoding = 4; lastKnownFileType = sourcecode.c.h; path = JYAppSpreadBannerModel.h; sourceTree = "<group>"; };
		ECCFA0A21DEC0F81000F4E7A /* JYAppSpreadBannerModel.m */ = {isa = PBXFileReference; fileEncoding = 4; lastKnownFileType = sourcecode.c.objc; path = JYAppSpreadBannerModel.m; sourceTree = "<group>"; };
		ECCFA0A41DEC11C1000F4E7A /* JYSpreadBannerViewController.h */ = {isa = PBXFileReference; fileEncoding = 4; lastKnownFileType = sourcecode.c.h; path = JYSpreadBannerViewController.h; sourceTree = "<group>"; };
		ECCFA0A51DEC11C1000F4E7A /* JYSpreadBannerViewController.m */ = {isa = PBXFileReference; fileEncoding = 4; lastKnownFileType = sourcecode.c.objc; path = JYSpreadBannerViewController.m; sourceTree = "<group>"; };
		ECCFA0A81DEC182B000F4E7A /* JKDBHelper.h */ = {isa = PBXFileReference; fileEncoding = 4; lastKnownFileType = sourcecode.c.h; path = JKDBHelper.h; sourceTree = "<group>"; };
		ECCFA0A91DEC182B000F4E7A /* JKDBHelper.m */ = {isa = PBXFileReference; fileEncoding = 4; lastKnownFileType = sourcecode.c.objc; path = JKDBHelper.m; sourceTree = "<group>"; };
		ECCFA0AA1DEC182B000F4E7A /* JKDBModel.h */ = {isa = PBXFileReference; fileEncoding = 4; lastKnownFileType = sourcecode.c.h; path = JKDBModel.h; sourceTree = "<group>"; };
		ECCFA0AB1DEC182B000F4E7A /* JKDBModel.m */ = {isa = PBXFileReference; fileEncoding = 4; lastKnownFileType = sourcecode.c.objc; path = JKDBModel.m; sourceTree = "<group>"; };
		ECEFE3381E0A4D75002F9A1C /* JYTextField.h */ = {isa = PBXFileReference; fileEncoding = 4; lastKnownFileType = sourcecode.c.h; path = JYTextField.h; sourceTree = "<group>"; };
		ECEFE3391E0A4D75002F9A1C /* JYTextField.m */ = {isa = PBXFileReference; fileEncoding = 4; lastKnownFileType = sourcecode.c.objc; path = JYTextField.m; sourceTree = "<group>"; };
		ECEFE33B1E0A5C3E002F9A1C /* JYRegisterNickNameViewController.h */ = {isa = PBXFileReference; fileEncoding = 4; lastKnownFileType = sourcecode.c.h; path = JYRegisterNickNameViewController.h; sourceTree = "<group>"; };
		ECEFE33C1E0A5C3E002F9A1C /* JYRegisterNickNameViewController.m */ = {isa = PBXFileReference; fileEncoding = 4; lastKnownFileType = sourcecode.c.objc; path = JYRegisterNickNameViewController.m; sourceTree = "<group>"; };
		ECEFE33E1E0A6255002F9A1C /* JYNextButton.h */ = {isa = PBXFileReference; fileEncoding = 4; lastKnownFileType = sourcecode.c.h; path = JYNextButton.h; sourceTree = "<group>"; };
		ECEFE33F1E0A6255002F9A1C /* JYNextButton.m */ = {isa = PBXFileReference; fileEncoding = 4; lastKnownFileType = sourcecode.c.objc; path = JYNextButton.m; sourceTree = "<group>"; };
		ECEFE3411E0A7271002F9A1C /* AppDelegate+configuration.h */ = {isa = PBXFileReference; fileEncoding = 4; lastKnownFileType = sourcecode.c.h; path = "AppDelegate+configuration.h"; sourceTree = "<group>"; };
		ECEFE3421E0A7271002F9A1C /* AppDelegate+configuration.m */ = {isa = PBXFileReference; fileEncoding = 4; lastKnownFileType = sourcecode.c.objc; path = "AppDelegate+configuration.m"; sourceTree = "<group>"; };
		ECEFE3441E0A7D7C002F9A1C /* JYRegisterDetailViewController.h */ = {isa = PBXFileReference; fileEncoding = 4; lastKnownFileType = sourcecode.c.h; path = JYRegisterDetailViewController.h; sourceTree = "<group>"; };
		ECEFE3451E0A7D7C002F9A1C /* JYRegisterDetailViewController.m */ = {isa = PBXFileReference; fileEncoding = 4; lastKnownFileType = sourcecode.c.objc; path = JYRegisterDetailViewController.m; sourceTree = "<group>"; };
		ECEFE3471E0A816D002F9A1C /* JYSetAvatarView.h */ = {isa = PBXFileReference; fileEncoding = 4; lastKnownFileType = sourcecode.c.h; path = JYSetAvatarView.h; sourceTree = "<group>"; };
		ECEFE3481E0A816D002F9A1C /* JYSetAvatarView.m */ = {isa = PBXFileReference; fileEncoding = 4; lastKnownFileType = sourcecode.c.objc; path = JYSetAvatarView.m; sourceTree = "<group>"; };
		ECEFE34A1E0A865C002F9A1C /* JYRegisterDetailCell.h */ = {isa = PBXFileReference; fileEncoding = 4; lastKnownFileType = sourcecode.c.h; path = JYRegisterDetailCell.h; sourceTree = "<group>"; };
		ECEFE34B1E0A865C002F9A1C /* JYRegisterDetailCell.m */ = {isa = PBXFileReference; fileEncoding = 4; lastKnownFileType = sourcecode.c.objc; path = JYRegisterDetailCell.m; sourceTree = "<group>"; };
/* End PBXFileReference section */

/* Begin PBXFrameworksBuildPhase section */
		ECCFA03C1DEBF0D4000F4E7A /* Frameworks */ = {
			isa = PBXFrameworksBuildPhase;
			buildActionMask = 2147483647;
			files = (
				B3D114D41E0E185C001DC147 /* CoreLocation.framework in Frameworks */,
				58EBD024B4F3FC6F743B661D /* libPods-JYFriend.a in Frameworks */,
			);
			runOnlyForDeploymentPostprocessing = 0;
		};
/* End PBXFrameworksBuildPhase section */

/* Begin PBXGroup section */
		3776DB255E2EB21A8AEC365F /* Frameworks */ = {
			isa = PBXGroup;
			children = (
				B3D114D31E0E185C001DC147 /* CoreLocation.framework */,
				DA912917CEE2A071A00F6B7F /* libPods-JYFriend.a */,
			);
			name = Frameworks;
			sourceTree = "<group>";
		};
		C137E121D1CD4C8AD6CBB731 /* Pods */ = {
			isa = PBXGroup;
			children = (
				C68BEEC20755E0EF1FE6927C /* Pods-JYFriend.debug.xcconfig */,
				4DE2D66049E36091993382B8 /* Pods-JYFriend.release.xcconfig */,
			);
			name = Pods;
			sourceTree = "<group>";
		};
		EC2A70FF1E0B816800BED161 /* Message */ = {
			isa = PBXGroup;
			children = (
				EC2A71001E0B816800BED161 /* Controller */,
				EC2A71011E0B816800BED161 /* Model */,
				EC2A71021E0B816800BED161 /* View */,
			);
			path = Message;
			sourceTree = "<group>";
		};
		EC2A71001E0B816800BED161 /* Controller */ = {
			isa = PBXGroup;
			children = (
				EC2A71071E0B81E600BED161 /* JYMessageViewController.h */,
				EC2A71081E0B81E600BED161 /* JYMessageViewController.m */,
			);
			path = Controller;
			sourceTree = "<group>";
		};
		EC2A71011E0B816800BED161 /* Model */ = {
			isa = PBXGroup;
			children = (
			);
			path = Model;
			sourceTree = "<group>";
		};
		EC2A71021E0B816800BED161 /* View */ = {
			isa = PBXGroup;
			children = (
			);
			path = View;
			sourceTree = "<group>";
		};
		EC2A71031E0B816800BED161 /* Near */ = {
			isa = PBXGroup;
			children = (
				EC2A71041E0B816800BED161 /* Controller */,
				EC2A71051E0B816800BED161 /* Model */,
				EC2A71061E0B816800BED161 /* View */,
			);
			path = Near;
			sourceTree = "<group>";
		};
		EC2A71041E0B816800BED161 /* Controller */ = {
			isa = PBXGroup;
			children = (
				EC2A710A1E0B81F800BED161 /* JYNearViewController.h */,
				EC2A710B1E0B81F800BED161 /* JYNearViewController.m */,
			);
			path = Controller;
			sourceTree = "<group>";
		};
		EC2A71051E0B816800BED161 /* Model */ = {
			isa = PBXGroup;
			children = (
			);
			path = Model;
			sourceTree = "<group>";
		};
		EC2A71061E0B816800BED161 /* View */ = {
			isa = PBXGroup;
			children = (
				B3A079741E0CCBA100395817 /* JYNearPersonCell.h */,
				B3A079751E0CCBA100395817 /* JYNearPersonCell.m */,
				B3A079771E0CFE5300395817 /* JYNearPersonBtn.h */,
				B3A079781E0CFE5300395817 /* JYNearPersonBtn.m */,
				B3A0797A1E0D1D8300395817 /* JYNearBottomView.h */,
				B3A0797B1E0D1D8300395817 /* JYNearBottomView.m */,
				B3D114D51E0E26E9001DC147 /* JYNotFetchUserlocalView.h */,
				B3D114D61E0E26E9001DC147 /* JYNotFetchUserlocalView.m */,
			);
			path = View;
			sourceTree = "<group>";
		};
		EC55CE651E077A780030C8F5 /* Dynamic */ = {
			isa = PBXGroup;
			children = (
				EC55CE661E077A780030C8F5 /* Controller */,
				EC55CE671E077A780030C8F5 /* Model */,
				EC55CE681E077A780030C8F5 /* View */,
			);
			path = Dynamic;
			sourceTree = "<group>";
		};
		EC55CE661E077A780030C8F5 /* Controller */ = {
			isa = PBXGroup;
			children = (
				EC55CE691E077AEB0030C8F5 /* JYSegmentViewController.h */,
				EC55CE6A1E077AEB0030C8F5 /* JYSegmentViewController.m */,
				EC55CE6C1E077C730030C8F5 /* JYCharacterViewController.h */,
				EC55CE6D1E077C730030C8F5 /* JYCharacterViewController.m */,
				EC55CE6F1E077C970030C8F5 /* JYDynamicViewController.h */,
				EC55CE701E077C970030C8F5 /* JYDynamicViewController.m */,
			);
			path = Controller;
			sourceTree = "<group>";
		};
		EC55CE671E077A780030C8F5 /* Model */ = {
			isa = PBXGroup;
			children = (
			);
			path = Model;
			sourceTree = "<group>";
		};
		EC55CE681E077A780030C8F5 /* View */ = {
			isa = PBXGroup;
			children = (
			);
			path = View;
			sourceTree = "<group>";
		};
		EC9843E51E07E23300754471 /* Account */ = {
			isa = PBXGroup;
			children = (
				EC9843E61E07E23300754471 /* Controller */,
				EC9843E71E07E23300754471 /* Model */,
				EC9843E81E07E23300754471 /* View */,
			);
			path = Account;
			sourceTree = "<group>";
		};
		EC9843E61E07E23300754471 /* Controller */ = {
			isa = PBXGroup;
			children = (
				EC9843E91E07E26E00754471 /* JYLoginViewController.h */,
				EC9843EA1E07E26E00754471 /* JYLoginViewController.m */,
				ECEFE33B1E0A5C3E002F9A1C /* JYRegisterNickNameViewController.h */,
				ECEFE33C1E0A5C3E002F9A1C /* JYRegisterNickNameViewController.m */,
				ECEFE3441E0A7D7C002F9A1C /* JYRegisterDetailViewController.h */,
				ECEFE3451E0A7D7C002F9A1C /* JYRegisterDetailViewController.m */,
			);
			path = Controller;
			sourceTree = "<group>";
		};
		EC9843E71E07E23300754471 /* Model */ = {
			isa = PBXGroup;
			children = (
				EC804A601E0CC3F600191387 /* JYUser.h */,
				EC804A611E0CC3F600191387 /* JYUser.m */,
			);
			path = Model;
			sourceTree = "<group>";
		};
		EC9843E81E07E23300754471 /* View */ = {
			isa = PBXGroup;
			children = (
				ECEFE3381E0A4D75002F9A1C /* JYTextField.h */,
				ECEFE3391E0A4D75002F9A1C /* JYTextField.m */,
				ECEFE33E1E0A6255002F9A1C /* JYNextButton.h */,
				ECEFE33F1E0A6255002F9A1C /* JYNextButton.m */,
				ECEFE3471E0A816D002F9A1C /* JYSetAvatarView.h */,
				ECEFE3481E0A816D002F9A1C /* JYSetAvatarView.m */,
				ECEFE34A1E0A865C002F9A1C /* JYRegisterDetailCell.h */,
				ECEFE34B1E0A865C002F9A1C /* JYRegisterDetailCell.m */,
			);
			path = View;
			sourceTree = "<group>";
		};
		ECCFA0361DEBF0D4000F4E7A = {
			isa = PBXGroup;
			children = (
				ECCFA0411DEBF0D4000F4E7A /* JYFriend */,
				ECCFA0401DEBF0D4000F4E7A /* Products */,
				C137E121D1CD4C8AD6CBB731 /* Pods */,
				3776DB255E2EB21A8AEC365F /* Frameworks */,
			);
			sourceTree = "<group>";
		};
		ECCFA0401DEBF0D4000F4E7A /* Products */ = {
			isa = PBXGroup;
			children = (
				ECCFA03F1DEBF0D4000F4E7A /* JYFriend.app */,
			);
			name = Products;
			sourceTree = "<group>";
		};
		ECCFA0411DEBF0D4000F4E7A /* JYFriend */ = {
			isa = PBXGroup;
			children = (
				ECCFA0451DEBF0D4000F4E7A /* AppDelegate.h */,
				ECCFA0461DEBF0D4000F4E7A /* AppDelegate.m */,
				ECAF89071E095BD0005A6C62 /* AppDelegate+login.h */,
				ECAF89081E095BD0005A6C62 /* AppDelegate+login.m */,
				ECEFE3411E0A7271002F9A1C /* AppDelegate+configuration.h */,
				ECEFE3421E0A7271002F9A1C /* AppDelegate+configuration.m */,
				ECCFA04E1DEBF0D4000F4E7A /* Assets.xcassets */,
				ECCFA0421DEBF0D4000F4E7A /* Supporting Files */,
				ECCFA05A1DEBF1F3000F4E7A /* Resources */,
				ECCFA0591DEBF1F3000F4E7A /* Class */,
			);
			path = JYFriend;
			sourceTree = "<group>";
		};
		ECCFA0421DEBF0D4000F4E7A /* Supporting Files */ = {
			isa = PBXGroup;
			children = (
				ECCFA0501DEBF0D4000F4E7A /* LaunchScreen.storyboard */,
				ECCFA0531DEBF0D4000F4E7A /* Info.plist */,
				ECCFA0431DEBF0D4000F4E7A /* main.m */,
				ECCFA06B1DEBF888000F4E7A /* JYPrefixHeader.pch */,
				ECCFA06C1DEBF8E3000F4E7A /* JYCommonDef.h */,
				ECCFA06D1DEBF8FF000F4E7A /* JYConfig.h */,
				ECCFA06E1DEBF917000F4E7A /* config.plist */,
			);
			name = "Supporting Files";
			sourceTree = "<group>";
		};
		ECCFA0591DEBF1F3000F4E7A /* Class */ = {
			isa = PBXGroup;
			children = (
				ECCFA05D1DEBF5B7000F4E7A /* Vendor */,
				ECCFA05C1DEBF5B7000F4E7A /* Utils */,
				ECCFA05B1DEBF5B7000F4E7A /* Base */,
				EC9843E51E07E23300754471 /* Account */,
				EC2A70FF1E0B816800BED161 /* Message */,
				EC55CE651E077A780030C8F5 /* Dynamic */,
				EC2A71031E0B816800BED161 /* Near */,
				ECCFA0641DEBF821000F4E7A /* Mine */,
			);
			path = Class;
			sourceTree = "<group>";
		};
		ECCFA05A1DEBF1F3000F4E7A /* Resources */ = {
			isa = PBXGroup;
			children = (
				EC4422BC1E09103900F48461 /* login_background.png */,
			);
			path = Resources;
			sourceTree = "<group>";
		};
		ECCFA05B1DEBF5B7000F4E7A /* Base */ = {
			isa = PBXGroup;
			children = (
				ECCFA0601DEBF5E3000F4E7A /* View */,
				ECCFA05E1DEBF5E3000F4E7A /* Controller */,
				ECCFA05F1DEBF5E3000F4E7A /* Model */,
			);
			path = Base;
			sourceTree = "<group>";
		};
		ECCFA05C1DEBF5B7000F4E7A /* Utils */ = {
			isa = PBXGroup;
			children = (
				ECCFA0841DEC08FD000F4E7A /* Ad */,
				ECCFA0851DEC08FD000F4E7A /* System */,
				ECCFA0761DEC04BF000F4E7A /* Extensions */,
				ECCFA0731DEC049D000F4E7A /* JYUtil.h */,
				ECCFA0741DEC049D000F4E7A /* JYUtil.m */,
				ECCFA0781DEC060C000F4E7A /* JYConfiguration.h */,
				ECCFA0791DEC060C000F4E7A /* JYConfiguration.m */,
				ECCFA07E1DEC0697000F4E7A /* JYHudManager.h */,
				ECCFA07F1DEC0697000F4E7A /* JYHudManager.m */,
			);
			path = Utils;
			sourceTree = "<group>";
		};
		ECCFA05D1DEBF5B7000F4E7A /* Vendor */ = {
			isa = PBXGroup;
			children = (
				ECCFA0A71DEC182B000F4E7A /* DBModel */,
			);
			path = Vendor;
			sourceTree = "<group>";
		};
		ECCFA05E1DEBF5E3000F4E7A /* Controller */ = {
			isa = PBXGroup;
			children = (
				ECCFA0681DEBF86A000F4E7A /* JYBaseViewController.h */,
				ECCFA0691DEBF86A000F4E7A /* JYBaseViewController.m */,
				EC9843E21E07CA7900754471 /* JYNavigationController.h */,
				EC9843E31E07CA7900754471 /* JYNavigationController.m */,
				ECCFA0611DEBF60A000F4E7A /* JYTabBarController.h */,
				ECCFA0621DEBF60A000F4E7A /* JYTabBarController.m */,
			);
			path = Controller;
			sourceTree = "<group>";
		};
		ECCFA05F1DEBF5E3000F4E7A /* Model */ = {
			isa = PBXGroup;
			children = (
			);
			path = Model;
			sourceTree = "<group>";
		};
		ECCFA0601DEBF5E3000F4E7A /* View */ = {
			isa = PBXGroup;
			children = (
				EC9843D31E07905F00754471 /* JYTableHeaderFooterView.h */,
				EC9843D41E07905F00754471 /* JYTableHeaderFooterView.m */,
			);
			path = View;
			sourceTree = "<group>";
		};
		ECCFA0641DEBF821000F4E7A /* Mine */ = {
			isa = PBXGroup;
			children = (
				ECCFA0651DEBF821000F4E7A /* Controller */,
				ECCFA0661DEBF821000F4E7A /* Model */,
				ECCFA0671DEBF821000F4E7A /* View */,
			);
			path = Mine;
			sourceTree = "<group>";
		};
		ECCFA0651DEBF821000F4E7A /* Controller */ = {
			isa = PBXGroup;
			children = (
				ECCFA0701DEBF975000F4E7A /* JYMineViewController.h */,
				ECCFA0711DEBF975000F4E7A /* JYMineViewController.m */,
			);
			path = Controller;
			sourceTree = "<group>";
		};
		ECCFA0661DEBF821000F4E7A /* Model */ = {
			isa = PBXGroup;
			children = (
			);
			path = Model;
			sourceTree = "<group>";
		};
		ECCFA0671DEBF821000F4E7A /* View */ = {
			isa = PBXGroup;
			children = (
				EC9843D91E07A96C00754471 /* JYMineAvatarView.h */,
				EC9843DA1E07A96C00754471 /* JYMineAvatarView.m */,
				EC9843DC1E07AC6A00754471 /* JYMineAvatarButton.h */,
				EC9843DD1E07AC6A00754471 /* JYMineAvatarButton.m */,
				EC9843D61E07A56B00754471 /* JYMineCell.h */,
				EC9843D71E07A56B00754471 /* JYMineCell.m */,
			);
			path = View;
			sourceTree = "<group>";
		};
		ECCFA0761DEC04BF000F4E7A /* Extensions */ = {
			isa = PBXGroup;
			children = (
				ECCFA0771DEC04D8000F4E7A /* JYExtensions.h */,
				ECCFA0981DEC0D17000F4E7A /* NSObject+PropertyAccessInspecting.h */,
				ECCFA0991DEC0D17000F4E7A /* NSObject+PropertyAccessInspecting.m */,
				EC9843DF1E07ACC600754471 /* UIView+RoundCorner.h */,
				EC9843E01E07ACC600754471 /* UIView+RoundCorner.m */,
			);
			path = Extensions;
			sourceTree = "<group>";
		};
		ECCFA0841DEC08FD000F4E7A /* Ad */ = {
			isa = PBXGroup;
			children = (
				ECCFA09E1DEC0F56000F4E7A /* JYAppSpread.h */,
				ECCFA09F1DEC0F56000F4E7A /* JYAppSpread.m */,
				ECCFA0A11DEC0F81000F4E7A /* JYAppSpreadBannerModel.h */,
				ECCFA0A21DEC0F81000F4E7A /* JYAppSpreadBannerModel.m */,
				ECCFA0A41DEC11C1000F4E7A /* JYSpreadBannerViewController.h */,
				ECCFA0A51DEC11C1000F4E7A /* JYSpreadBannerViewController.m */,
			);
			path = Ad;
			sourceTree = "<group>";
		};
		ECCFA0851DEC08FD000F4E7A /* System */ = {
			isa = PBXGroup;
			children = (
				ECCFA0861DEC093E000F4E7A /* JYActivateModel.h */,
				ECCFA0871DEC093E000F4E7A /* JYActivateModel.m */,
				ECCFA0891DEC0A8F000F4E7A /* JYUserAccessModel.h */,
				ECCFA08A1DEC0A8F000F4E7A /* JYUserAccessModel.m */,
				ECCFA08C1DEC0AE7000F4E7A /* JYSystemConfig.h */,
				ECCFA08D1DEC0AE7000F4E7A /* JYSystemConfig.m */,
				ECCFA08F1DEC0B0B000F4E7A /* JYSystemConfigModel.h */,
				ECCFA0901DEC0B0B000F4E7A /* JYSystemConfigModel.m */,
				ECCFA0921DEC0C9D000F4E7A /* JYVideoTokenManager.h */,
				ECCFA0931DEC0C9D000F4E7A /* JYVideoTokenManager.m */,
				ECCFA0951DEC0CC9000F4E7A /* JYApplication.h */,
				ECCFA0961DEC0CC9000F4E7A /* JYApplication.m */,
				ECCFA09B1DEC0EC0000F4E7A /* JYApplicationManager.h */,
				ECCFA09C1DEC0EC0000F4E7A /* JYApplicationManager.m */,
			);
			path = System;
			sourceTree = "<group>";
		};
		ECCFA0A71DEC182B000F4E7A /* DBModel */ = {
			isa = PBXGroup;
			children = (
				ECCFA0A81DEC182B000F4E7A /* JKDBHelper.h */,
				ECCFA0A91DEC182B000F4E7A /* JKDBHelper.m */,
				ECCFA0AA1DEC182B000F4E7A /* JKDBModel.h */,
				ECCFA0AB1DEC182B000F4E7A /* JKDBModel.m */,
			);
			path = DBModel;
			sourceTree = "<group>";
		};
/* End PBXGroup section */

/* Begin PBXNativeTarget section */
		ECCFA03E1DEBF0D4000F4E7A /* JYFriend */ = {
			isa = PBXNativeTarget;
			buildConfigurationList = ECCFA0561DEBF0D4000F4E7A /* Build configuration list for PBXNativeTarget "JYFriend" */;
			buildPhases = (
				80B835FA6FB0ABCB6E5A19DA /* [CP] Check Pods Manifest.lock */,
				ECCFA03B1DEBF0D4000F4E7A /* Sources */,
				ECCFA03C1DEBF0D4000F4E7A /* Frameworks */,
				ECCFA03D1DEBF0D4000F4E7A /* Resources */,
				B34B72174C977E02EDF688D7 /* [CP] Embed Pods Frameworks */,
				33AEDE810017345062C201AC /* [CP] Copy Pods Resources */,
			);
			buildRules = (
			);
			dependencies = (
			);
			name = JYFriend;
			productName = JYFriend;
			productReference = ECCFA03F1DEBF0D4000F4E7A /* JYFriend.app */;
			productType = "com.apple.product-type.application";
		};
/* End PBXNativeTarget section */

/* Begin PBXProject section */
		ECCFA0371DEBF0D4000F4E7A /* Project object */ = {
			isa = PBXProject;
			attributes = {
				LastUpgradeCheck = 0810;
				ORGANIZATIONNAME = Liang;
				TargetAttributes = {
					ECCFA03E1DEBF0D4000F4E7A = {
						CreatedOnToolsVersion = 8.1;
						DevelopmentTeam = 7VHT3KAS56;
						ProvisioningStyle = Automatic;
					};
				};
			};
			buildConfigurationList = ECCFA03A1DEBF0D4000F4E7A /* Build configuration list for PBXProject "JYFriend" */;
			compatibilityVersion = "Xcode 3.2";
			developmentRegion = English;
			hasScannedForEncodings = 0;
			knownRegions = (
				en,
				Base,
			);
			mainGroup = ECCFA0361DEBF0D4000F4E7A;
			productRefGroup = ECCFA0401DEBF0D4000F4E7A /* Products */;
			projectDirPath = "";
			projectRoot = "";
			targets = (
				ECCFA03E1DEBF0D4000F4E7A /* JYFriend */,
			);
		};
/* End PBXProject section */

/* Begin PBXResourcesBuildPhase section */
		ECCFA03D1DEBF0D4000F4E7A /* Resources */ = {
			isa = PBXResourcesBuildPhase;
			buildActionMask = 2147483647;
			files = (
				ECCFA0521DEBF0D4000F4E7A /* LaunchScreen.storyboard in Resources */,
				EC4422BD1E09103900F48461 /* login_background.png in Resources */,
				ECCFA04F1DEBF0D4000F4E7A /* Assets.xcassets in Resources */,
				ECCFA06F1DEBF917000F4E7A /* config.plist in Resources */,
			);
			runOnlyForDeploymentPostprocessing = 0;
		};
/* End PBXResourcesBuildPhase section */

/* Begin PBXShellScriptBuildPhase section */
		33AEDE810017345062C201AC /* [CP] Copy Pods Resources */ = {
			isa = PBXShellScriptBuildPhase;
			buildActionMask = 2147483647;
			files = (
			);
			inputPaths = (
			);
			name = "[CP] Copy Pods Resources";
			outputPaths = (
			);
			runOnlyForDeploymentPostprocessing = 0;
			shellPath = /bin/sh;
			shellScript = "\"${SRCROOT}/Pods/Target Support Files/Pods-JYFriend/Pods-JYFriend-resources.sh\"\n";
			showEnvVarsInLog = 0;
		};
		80B835FA6FB0ABCB6E5A19DA /* [CP] Check Pods Manifest.lock */ = {
			isa = PBXShellScriptBuildPhase;
			buildActionMask = 2147483647;
			files = (
			);
			inputPaths = (
			);
			name = "[CP] Check Pods Manifest.lock";
			outputPaths = (
			);
			runOnlyForDeploymentPostprocessing = 0;
			shellPath = /bin/sh;
			shellScript = "diff \"${PODS_ROOT}/../Podfile.lock\" \"${PODS_ROOT}/Manifest.lock\" > /dev/null\nif [ $? != 0 ] ; then\n    # print error to STDERR\n    echo \"error: The sandbox is not in sync with the Podfile.lock. Run 'pod install' or update your CocoaPods installation.\" >&2\n    exit 1\nfi\n";
			showEnvVarsInLog = 0;
		};
		B34B72174C977E02EDF688D7 /* [CP] Embed Pods Frameworks */ = {
			isa = PBXShellScriptBuildPhase;
			buildActionMask = 2147483647;
			files = (
			);
			inputPaths = (
			);
			name = "[CP] Embed Pods Frameworks";
			outputPaths = (
			);
			runOnlyForDeploymentPostprocessing = 0;
			shellPath = /bin/sh;
			shellScript = "\"${SRCROOT}/Pods/Target Support Files/Pods-JYFriend/Pods-JYFriend-frameworks.sh\"\n";
			showEnvVarsInLog = 0;
		};
/* End PBXShellScriptBuildPhase section */

/* Begin PBXSourcesBuildPhase section */
		ECCFA03B1DEBF0D4000F4E7A /* Sources */ = {
			isa = PBXSourcesBuildPhase;
			buildActionMask = 2147483647;
			files = (
				ECCFA0801DEC0697000F4E7A /* JYHudManager.m in Sources */,
				ECCFA0971DEC0CC9000F4E7A /* JYApplication.m in Sources */,
				ECCFA0AC1DEC182B000F4E7A /* JKDBHelper.m in Sources */,
				ECCFA09A1DEC0D17000F4E7A /* NSObject+PropertyAccessInspecting.m in Sources */,
				ECCFA0A31DEC0F81000F4E7A /* JYAppSpreadBannerModel.m in Sources */,
				EC55CE6B1E077AEB0030C8F5 /* JYSegmentViewController.m in Sources */,
				ECEFE33D1E0A5C3E002F9A1C /* JYRegisterNickNameViewController.m in Sources */,
				EC804A621E0CC3F600191387 /* JYUser.m in Sources */,
				ECCFA09D1DEC0EC0000F4E7A /* JYApplicationManager.m in Sources */,
				EC9843E41E07CA7900754471 /* JYNavigationController.m in Sources */,
				ECEFE3431E0A7271002F9A1C /* AppDelegate+configuration.m in Sources */,
				ECCFA08B1DEC0A8F000F4E7A /* JYUserAccessModel.m in Sources */,
				EC9843EB1E07E26E00754471 /* JYLoginViewController.m in Sources */,
				ECEFE34C1E0A865C002F9A1C /* JYRegisterDetailCell.m in Sources */,
				ECCFA0471DEBF0D4000F4E7A /* AppDelegate.m in Sources */,
				ECCFA0441DEBF0D4000F4E7A /* main.m in Sources */,
				ECCFA08E1DEC0AE7000F4E7A /* JYSystemConfig.m in Sources */,
				ECEFE3461E0A7D7C002F9A1C /* JYRegisterDetailViewController.m in Sources */,
				EC9843DB1E07A96C00754471 /* JYMineAvatarView.m in Sources */,
				ECAF89091E095BD0005A6C62 /* AppDelegate+login.m in Sources */,
				ECCFA07A1DEC060C000F4E7A /* JYConfiguration.m in Sources */,
				B3D114D71E0E26E9001DC147 /* JYNotFetchUserlocalView.m in Sources */,
				ECEFE3491E0A816D002F9A1C /* JYSetAvatarView.m in Sources */,
				ECCFA0AD1DEC182B000F4E7A /* JKDBModel.m in Sources */,
				ECEFE3401E0A6255002F9A1C /* JYNextButton.m in Sources */,
				EC9843D81E07A56B00754471 /* JYMineCell.m in Sources */,
				ECCFA0941DEC0C9D000F4E7A /* JYVideoTokenManager.m in Sources */,
				EC9843E11E07ACC600754471 /* UIView+RoundCorner.m in Sources */,
				EC2A710C1E0B81F800BED161 /* JYNearViewController.m in Sources */,
				B3A079791E0CFE5300395817 /* JYNearPersonBtn.m in Sources */,
				ECCFA0751DEC049D000F4E7A /* JYUtil.m in Sources */,
				EC2A71091E0B81E600BED161 /* JYMessageViewController.m in Sources */,
				B3A0797C1E0D1D8300395817 /* JYNearBottomView.m in Sources */,
				B3A079761E0CCBA100395817 /* JYNearPersonCell.m in Sources */,
				ECCFA0721DEBF975000F4E7A /* JYMineViewController.m in Sources */,
				ECCFA0A01DEC0F56000F4E7A /* JYAppSpread.m in Sources */,
				ECCFA06A1DEBF86A000F4E7A /* JYBaseViewController.m in Sources */,
				ECCFA0A61DEC11C1000F4E7A /* JYSpreadBannerViewController.m in Sources */,
				EC9843D51E07905F00754471 /* JYTableHeaderFooterView.m in Sources */,
				EC55CE711E077C970030C8F5 /* JYDynamicViewController.m in Sources */,
				EC55CE6E1E077C730030C8F5 /* JYCharacterViewController.m in Sources */,
				ECEFE33A1E0A4D75002F9A1C /* JYTextField.m in Sources */,
				ECCFA0631DEBF60A000F4E7A /* JYTabBarController.m in Sources */,
				ECCFA0911DEC0B0B000F4E7A /* JYSystemConfigModel.m in Sources */,
				EC9843DE1E07AC6A00754471 /* JYMineAvatarButton.m in Sources */,
				ECCFA0881DEC093E000F4E7A /* JYActivateModel.m in Sources */,
			);
			runOnlyForDeploymentPostprocessing = 0;
		};
/* End PBXSourcesBuildPhase section */

/* Begin PBXVariantGroup section */
		ECCFA0501DEBF0D4000F4E7A /* LaunchScreen.storyboard */ = {
			isa = PBXVariantGroup;
			children = (
				ECCFA0511DEBF0D4000F4E7A /* Base */,
			);
			name = LaunchScreen.storyboard;
			sourceTree = "<group>";
		};
/* End PBXVariantGroup section */

/* Begin XCBuildConfiguration section */
		ECCFA0541DEBF0D4000F4E7A /* Debug */ = {
			isa = XCBuildConfiguration;
			buildSettings = {
				ALWAYS_SEARCH_USER_PATHS = NO;
				CLANG_ANALYZER_NONNULL = YES;
				CLANG_CXX_LANGUAGE_STANDARD = "gnu++0x";
				CLANG_CXX_LIBRARY = "libc++";
				CLANG_ENABLE_MODULES = YES;
				CLANG_ENABLE_OBJC_ARC = YES;
				CLANG_WARN_BOOL_CONVERSION = YES;
				CLANG_WARN_CONSTANT_CONVERSION = YES;
				CLANG_WARN_DIRECT_OBJC_ISA_USAGE = YES_ERROR;
				CLANG_WARN_DOCUMENTATION_COMMENTS = YES;
				CLANG_WARN_EMPTY_BODY = YES;
				CLANG_WARN_ENUM_CONVERSION = YES;
				CLANG_WARN_INFINITE_RECURSION = YES;
				CLANG_WARN_INT_CONVERSION = YES;
				CLANG_WARN_OBJC_ROOT_CLASS = YES_ERROR;
				CLANG_WARN_SUSPICIOUS_MOVES = YES;
				CLANG_WARN_UNREACHABLE_CODE = YES;
				CLANG_WARN__DUPLICATE_METHOD_MATCH = YES;
				"CODE_SIGN_IDENTITY[sdk=iphoneos*]" = "iPhone Developer";
				COPY_PHASE_STRIP = NO;
				DEBUG_INFORMATION_FORMAT = dwarf;
				ENABLE_STRICT_OBJC_MSGSEND = YES;
				ENABLE_TESTABILITY = YES;
				GCC_C_LANGUAGE_STANDARD = gnu99;
				GCC_DYNAMIC_NO_PIC = NO;
				GCC_NO_COMMON_BLOCKS = YES;
				GCC_OPTIMIZATION_LEVEL = 0;
				GCC_PREPROCESSOR_DEFINITIONS = (
					"DEBUG=1",
					"$(inherited)",
				);
				GCC_WARN_64_TO_32_BIT_CONVERSION = YES;
				GCC_WARN_ABOUT_RETURN_TYPE = YES_ERROR;
				GCC_WARN_UNDECLARED_SELECTOR = YES;
				GCC_WARN_UNINITIALIZED_AUTOS = YES_AGGRESSIVE;
				GCC_WARN_UNUSED_FUNCTION = YES;
				GCC_WARN_UNUSED_VARIABLE = YES;
				IPHONEOS_DEPLOYMENT_TARGET = 10.1;
				MTL_ENABLE_DEBUG_INFO = YES;
				ONLY_ACTIVE_ARCH = YES;
				SDKROOT = iphoneos;
				TARGETED_DEVICE_FAMILY = "1,2";
			};
			name = Debug;
		};
		ECCFA0551DEBF0D4000F4E7A /* Release */ = {
			isa = XCBuildConfiguration;
			buildSettings = {
				ALWAYS_SEARCH_USER_PATHS = NO;
				CLANG_ANALYZER_NONNULL = YES;
				CLANG_CXX_LANGUAGE_STANDARD = "gnu++0x";
				CLANG_CXX_LIBRARY = "libc++";
				CLANG_ENABLE_MODULES = YES;
				CLANG_ENABLE_OBJC_ARC = YES;
				CLANG_WARN_BOOL_CONVERSION = YES;
				CLANG_WARN_CONSTANT_CONVERSION = YES;
				CLANG_WARN_DIRECT_OBJC_ISA_USAGE = YES_ERROR;
				CLANG_WARN_DOCUMENTATION_COMMENTS = YES;
				CLANG_WARN_EMPTY_BODY = YES;
				CLANG_WARN_ENUM_CONVERSION = YES;
				CLANG_WARN_INFINITE_RECURSION = YES;
				CLANG_WARN_INT_CONVERSION = YES;
				CLANG_WARN_OBJC_ROOT_CLASS = YES_ERROR;
				CLANG_WARN_SUSPICIOUS_MOVES = YES;
				CLANG_WARN_UNREACHABLE_CODE = YES;
				CLANG_WARN__DUPLICATE_METHOD_MATCH = YES;
				"CODE_SIGN_IDENTITY[sdk=iphoneos*]" = "iPhone Developer";
				COPY_PHASE_STRIP = NO;
				DEBUG_INFORMATION_FORMAT = "dwarf-with-dsym";
				ENABLE_NS_ASSERTIONS = NO;
				ENABLE_STRICT_OBJC_MSGSEND = YES;
				GCC_C_LANGUAGE_STANDARD = gnu99;
				GCC_NO_COMMON_BLOCKS = YES;
				GCC_WARN_64_TO_32_BIT_CONVERSION = YES;
				GCC_WARN_ABOUT_RETURN_TYPE = YES_ERROR;
				GCC_WARN_UNDECLARED_SELECTOR = YES;
				GCC_WARN_UNINITIALIZED_AUTOS = YES_AGGRESSIVE;
				GCC_WARN_UNUSED_FUNCTION = YES;
				GCC_WARN_UNUSED_VARIABLE = YES;
				IPHONEOS_DEPLOYMENT_TARGET = 10.1;
				MTL_ENABLE_DEBUG_INFO = NO;
				SDKROOT = iphoneos;
				TARGETED_DEVICE_FAMILY = "1,2";
				VALIDATE_PRODUCT = YES;
			};
			name = Release;
		};
		ECCFA0571DEBF0D4000F4E7A /* Debug */ = {
			isa = XCBuildConfiguration;
			baseConfigurationReference = C68BEEC20755E0EF1FE6927C /* Pods-JYFriend.debug.xcconfig */;
			buildSettings = {
				ASSETCATALOG_COMPILER_APPICON_NAME = AppIcon;
				DEVELOPMENT_TEAM = 7VHT3KAS56;
				ENABLE_BITCODE = NO;
				GCC_PRECOMPILE_PREFIX_HEADER = YES;
				GCC_PREFIX_HEADER = "$(SRCROOT)/JYFriend/JYPrefixHeader.pch";
				INFOPLIST_FILE = JYFriend/Info.plist;
				IPHONEOS_DEPLOYMENT_TARGET = 7.0;
				LD_RUNPATH_SEARCH_PATHS = "$(inherited) @executable_path/Frameworks";
				PRODUCT_BUNDLE_IDENTIFIER = com.yuepaoba.channel;
				PRODUCT_NAME = "$(TARGET_NAME)";
				USER_HEADER_SEARCH_PATHS = "";
			};
			name = Debug;
		};
		ECCFA0581DEBF0D4000F4E7A /* Release */ = {
			isa = XCBuildConfiguration;
			baseConfigurationReference = 4DE2D66049E36091993382B8 /* Pods-JYFriend.release.xcconfig */;
			buildSettings = {
				ASSETCATALOG_COMPILER_APPICON_NAME = AppIcon;
				DEPLOYMENT_POSTPROCESSING = YES;
				DEVELOPMENT_TEAM = 7VHT3KAS56;
				ENABLE_BITCODE = NO;
				GCC_PRECOMPILE_PREFIX_HEADER = YES;
				GCC_PREFIX_HEADER = "$(SRCROOT)/JYFriend/JYPrefixHeader.pch";
				INFOPLIST_FILE = JYFriend/Info.plist;
				IPHONEOS_DEPLOYMENT_TARGET = 7.0;
				LD_RUNPATH_SEARCH_PATHS = "$(inherited) @executable_path/Frameworks";
				PRODUCT_BUNDLE_IDENTIFIER = com.yuepaoba.channel;
				PRODUCT_NAME = "$(TARGET_NAME)";
				USER_HEADER_SEARCH_PATHS = "";
			};
			name = Release;
		};
/* End XCBuildConfiguration section */

/* Begin XCConfigurationList section */
		ECCFA03A1DEBF0D4000F4E7A /* Build configuration list for PBXProject "JYFriend" */ = {
			isa = XCConfigurationList;
			buildConfigurations = (
				ECCFA0541DEBF0D4000F4E7A /* Debug */,
				ECCFA0551DEBF0D4000F4E7A /* Release */,
			);
			defaultConfigurationIsVisible = 0;
			defaultConfigurationName = Release;
		};
		ECCFA0561DEBF0D4000F4E7A /* Build configuration list for PBXNativeTarget "JYFriend" */ = {
			isa = XCConfigurationList;
			buildConfigurations = (
				ECCFA0571DEBF0D4000F4E7A /* Debug */,
				ECCFA0581DEBF0D4000F4E7A /* Release */,
			);
			defaultConfigurationIsVisible = 0;
			defaultConfigurationName = Release;
		};
/* End XCConfigurationList section */
	};
	rootObject = ECCFA0371DEBF0D4000F4E7A /* Project object */;
}
